
Microsoft Visual Studio Solution File, Format Version 12.00
# Visual Studio Version 16
VisualStudioVersion = 16.0.31729.503
MinimumVisualStudioVersion = 10.0.40219.1
Project("{FAE04EC0-301F-11D3-BF4B-00C04F79EFBC}") = "CleanArchMvc.Domain", "CleanArchMvc.Domain\CleanArchMvc.Domain.csproj", "{60EA3662-F193-4EEE-8306-CB6EDD5641B0}"
EndProject
Project("{FAE04EC0-301F-11D3-BF4B-00C04F79EFBC}") = "CleanArchMvc.Application", "CleanArchMvc.Application\CleanArchMvc.Application.csproj", "{D52E8346-C15F-4F2D-84FB-A9FEC3DAB913}"
EndProject
Project("{FAE04EC0-301F-11D3-BF4B-00C04F79EFBC}") = "CleanArchMvc.Infra.Data", "CleanArchMvc.Infra.Data\CleanArchMvc.Infra.Data.csproj", "{5EC35F4D-2492-49A7-BBC5-0744AF04358E}"
EndProject
Project("{FAE04EC0-301F-11D3-BF4B-00C04F79EFBC}") = "CleanArchMvc.Infra.IoC", "CleanArchMvc.Infra.IoC\CleanArchMvc.Infra.IoC.csproj", "{028A71A1-E10C-4A1A-847B-B18CC8F3787D}"
EndProject
Project("{FAE04EC0-301F-11D3-BF4B-00C04F79EFBC}") = "CleanArchMvc.WebUI", "CleanArchMvc.WebUI\CleanArchMvc.WebUI.csproj", "{D993D226-311A-4D9D-9102-5185C8E57D21}"
EndProject
Global
	GlobalSection(SolutionConfigurationPlatforms) = preSolution
		Debug|Any CPU = Debug|Any CPU
		Release|Any CPU = Release|Any CPU
	EndGlobalSection
	GlobalSection(ProjectConfigurationPlatforms) = postSolution
		{60EA3662-F193-4EEE-8306-CB6EDD5641B0}.Debug|Any CPU.ActiveCfg = Debug|Any CPU
		{60EA3662-F193-4EEE-8306-CB6EDD5641B0}.Debug|Any CPU.Build.0 = Debug|Any CPU
		{60EA3662-F193-4EEE-8306-CB6EDD5641B0}.Release|Any CPU.ActiveCfg = Release|Any CPU
		{60EA3662-F193-4EEE-8306-CB6EDD5641B0}.Release|Any CPU.Build.0 = Release|Any CPU
		{D52E8346-C15F-4F2D-84FB-A9FEC3DAB913}.Debug|Any CPU.ActiveCfg = Debug|Any CPU
		{D52E8346-C15F-4F2D-84FB-A9FEC3DAB913}.Debug|Any CPU.Build.0 = Debug|Any CPU
		{D52E8346-C15F-4F2D-84FB-A9FEC3DAB913}.Release|Any CPU.ActiveCfg = Release|Any CPU
		{D52E8346-C15F-4F2D-84FB-A9FEC3DAB913}.Release|Any CPU.Build.0 = Release|Any CPU
		{5EC35F4D-2492-49A7-BBC5-0744AF04358E}.Debug|Any CPU.ActiveCfg = Debug|Any CPU
		{5EC35F4D-2492-49A7-BBC5-0744AF04358E}.Debug|Any CPU.Build.0 = Debug|Any CPU
		{5EC35F4D-2492-49A7-BBC5-0744AF04358E}.Release|Any CPU.ActiveCfg = Release|Any CPU
		{5EC35F4D-2492-49A7-BBC5-0744AF04358E}.Release|Any CPU.Build.0 = Release|Any CPU
		{028A71A1-E10C-4A1A-847B-B18CC8F3787D}.Debug|Any CPU.ActiveCfg = Debug|Any CPU
		{028A71A1-E10C-4A1A-847B-B18CC8F3787D}.Debug|Any CPU.Build.0 = Debug|Any CPU
		{028A71A1-E10C-4A1A-847B-B18CC8F3787D}.Release|Any CPU.ActiveCfg = Release|Any CPU
		{028A71A1-E10C-4A1A-847B-B18CC8F3787D}.Release|Any CPU.Build.0 = Release|Any CPU
		{D993D226-311A-4D9D-9102-5185C8E57D21}.Debug|Any CPU.ActiveCfg = Debug|Any CPU
		{D993D226-311A-4D9D-9102-5185C8E57D21}.Debug|Any CPU.Build.0 = Debug|Any CPU
		{D993D226-311A-4D9D-9102-5185C8E57D21}.Release|Any CPU.ActiveCfg = Release|Any CPU
		{D993D226-311A-4D9D-9102-5185C8E57D21}.Release|Any CPU.Build.0 = Release|Any CPU
	EndGlobalSection
	GlobalSection(SolutionProperties) = preSolution
		HideSolutionNode = FALSE
	EndGlobalSection
	GlobalSection(ExtensibilityGlobals) = postSolution
		SolutionGuid = {72ADC923-4F97-40BD-A1D0-9B1C4ABEB7C3}
	EndGlobalSection
EndGlobal
